// !$*UTF8*$!
{
	archiveVersion = 1;
	classes = {
	};
	objectVersion = 51;
	objects = {

/* Begin PBXBuildFile section */
		220DD2C8235657B400ACEC47 /* DisplayProductsViewController.swift in Sources */ = {isa = PBXBuildFile; fileRef = 220DD2C7235657B400ACEC47 /* DisplayProductsViewController.swift */; };
		220DD2D1235667A400ACEC47 /* ProductViewCellTableViewCell.swift in Sources */ = {isa = PBXBuildFile; fileRef = 220DD2CF235667A400ACEC47 /* ProductViewCellTableViewCell.swift */; };
		220DD2D2235667A400ACEC47 /* ProductViewCellTableViewCell.xib in Resources */ = {isa = PBXBuildFile; fileRef = 220DD2D0235667A400ACEC47 /* ProductViewCellTableViewCell.xib */; };
		224AE47923647573008C3B09 /* PrintConViewController.swift in Sources */ = {isa = PBXBuildFile; fileRef = 224AE47823647573008C3B09 /* PrintConViewController.swift */; };
		224AE47B2364A333008C3B09 /* DashboardViewController.swift in Sources */ = {isa = PBXBuildFile; fileRef = 224AE47A2364A333008C3B09 /* DashboardViewController.swift */; };
		224AE4812364AACF008C3B09 /* DashboardProduct.swift in Sources */ = {isa = PBXBuildFile; fileRef = 224AE4802364AACF008C3B09 /* DashboardProduct.swift */; };
		224AE4842364B4B9008C3B09 /* DashboardTableViewCell.swift in Sources */ = {isa = PBXBuildFile; fileRef = 224AE4822364B4B9008C3B09 /* DashboardTableViewCell.swift */; };
		224AE4852364B4B9008C3B09 /* DashboardTableViewCell.xib in Resources */ = {isa = PBXBuildFile; fileRef = 224AE4832364B4B9008C3B09 /* DashboardTableViewCell.xib */; };
		22B9039823578AD60097983C /* Product.swift in Sources */ = {isa = PBXBuildFile; fileRef = 22B9039723578AD60097983C /* Product.swift */; };
		22B9039A235794C90097983C /* AddProductViewController.swift in Sources */ = {isa = PBXBuildFile; fileRef = 22B90399235794C90097983C /* AddProductViewController.swift */; };
		22BA3B3223A12859004F4485 /* PrintButtonsViewController.swift in Sources */ = {isa = PBXBuildFile; fileRef = 22BA3B3123A12859004F4485 /* PrintButtonsViewController.swift */; };
		22FD73CE2343BE62009F73B7 /* AppDelegate.swift in Sources */ = {isa = PBXBuildFile; fileRef = 22FD73CD2343BE62009F73B7 /* AppDelegate.swift */; };
		22FD73D02343BE62009F73B7 /* SceneDelegate.swift in Sources */ = {isa = PBXBuildFile; fileRef = 22FD73CF2343BE62009F73B7 /* SceneDelegate.swift */; };
		22FD73D22343BE62009F73B7 /* WelcomeViewController.swift in Sources */ = {isa = PBXBuildFile; fileRef = 22FD73D12343BE62009F73B7 /* WelcomeViewController.swift */; };
		22FD73D52343BE62009F73B7 /* Main.storyboard in Resources */ = {isa = PBXBuildFile; fileRef = 22FD73D32343BE62009F73B7 /* Main.storyboard */; };
		22FD73D72343BE64009F73B7 /* Assets.xcassets in Resources */ = {isa = PBXBuildFile; fileRef = 22FD73D62343BE64009F73B7 /* Assets.xcassets */; };
		22FD73DA2343BE64009F73B7 /* LaunchScreen.storyboard in Resources */ = {isa = PBXBuildFile; fileRef = 22FD73D82343BE64009F73B7 /* LaunchScreen.storyboard */; };
		22FD73E62343BFC4009F73B7 /* GoogleService-Info.plist in Resources */ = {isa = PBXBuildFile; fileRef = 22FD73E52343BFC4009F73B7 /* GoogleService-Info.plist */; };
		22FD73EA2343CE91009F73B7 /* RegisterViewController.swift in Sources */ = {isa = PBXBuildFile; fileRef = 22FD73E92343CE91009F73B7 /* RegisterViewController.swift */; };
		22FD73EC2343D029009F73B7 /* Default-568h@2x.png in Resources */ = {isa = PBXBuildFile; fileRef = 22FD73EB2343D029009F73B7 /* Default-568h@2x.png */; };
		22FD73EE2343E9A1009F73B7 /* MenuViewController.swift in Sources */ = {isa = PBXBuildFile; fileRef = 22FD73ED2343E9A1009F73B7 /* MenuViewController.swift */; };
		22FD73F02343ECD4009F73B7 /* LoginViewController.swift in Sources */ = {isa = PBXBuildFile; fileRef = 22FD73EF2343ECD4009F73B7 /* LoginViewController.swift */; };
		FEC376E24BA6D4402F92C0ED /* Pods_LeafLabel.framework in Frameworks */ = {isa = PBXBuildFile; fileRef = B80F14F2C14270F4A8F8AAC3 /* Pods_LeafLabel.framework */; };
/* End PBXBuildFile section */

/* Begin PBXFileReference section */
		09D1DFC8D06065ACF5ADAB4C /* Pods-LeafLabel.debug.xcconfig */ = {isa = PBXFileReference; includeInIndex = 1; lastKnownFileType = text.xcconfig; name = "Pods-LeafLabel.debug.xcconfig"; path = "Pods/Target Support Files/Pods-LeafLabel/Pods-LeafLabel.debug.xcconfig"; sourceTree = "<group>"; };
		220DD2C7235657B400ACEC47 /* DisplayProductsViewController.swift */ = {isa = PBXFileReference; lastKnownFileType = sourcecode.swift; path = DisplayProductsViewController.swift; sourceTree = "<group>"; };
		220DD2CF235667A400ACEC47 /* ProductViewCellTableViewCell.swift */ = {isa = PBXFileReference; lastKnownFileType = sourcecode.swift; path = ProductViewCellTableViewCell.swift; sourceTree = "<group>"; };
		220DD2D0235667A400ACEC47 /* ProductViewCellTableViewCell.xib */ = {isa = PBXFileReference; lastKnownFileType = file.xib; path = ProductViewCellTableViewCell.xib; sourceTree = "<group>"; };
		224AE47823647573008C3B09 /* PrintConViewController.swift */ = {isa = PBXFileReference; lastKnownFileType = sourcecode.swift; path = PrintConViewController.swift; sourceTree = "<group>"; };
		224AE47A2364A333008C3B09 /* DashboardViewController.swift */ = {isa = PBXFileReference; lastKnownFileType = sourcecode.swift; path = DashboardViewController.swift; sourceTree = "<group>"; };
		224AE4802364AACF008C3B09 /* DashboardProduct.swift */ = {isa = PBXFileReference; lastKnownFileType = sourcecode.swift; path = DashboardProduct.swift; sourceTree = "<group>"; };
		224AE4822364B4B9008C3B09 /* DashboardTableViewCell.swift */ = {isa = PBXFileReference; lastKnownFileType = sourcecode.swift; path = DashboardTableViewCell.swift; sourceTree = "<group>"; };
		224AE4832364B4B9008C3B09 /* DashboardTableViewCell.xib */ = {isa = PBXFileReference; lastKnownFileType = file.xib; path = DashboardTableViewCell.xib; sourceTree = "<group>"; };
		22B9039723578AD60097983C /* Product.swift */ = {isa = PBXFileReference; fileEncoding = 4; lastKnownFileType = sourcecode.swift; path = Product.swift; sourceTree = "<group>"; };
		22B90399235794C90097983C /* AddProductViewController.swift */ = {isa = PBXFileReference; lastKnownFileType = sourcecode.swift; path = AddProductViewController.swift; sourceTree = "<group>"; };
		22BA3B3123A12859004F4485 /* PrintButtonsViewController.swift */ = {isa = PBXFileReference; lastKnownFileType = sourcecode.swift; path = PrintButtonsViewController.swift; sourceTree = "<group>"; };
		22FD73CA2343BE62009F73B7 /* LeafLabel.app */ = {isa = PBXFileReference; explicitFileType = wrapper.application; includeInIndex = 0; path = LeafLabel.app; sourceTree = BUILT_PRODUCTS_DIR; };
		22FD73CD2343BE62009F73B7 /* AppDelegate.swift */ = {isa = PBXFileReference; lastKnownFileType = sourcecode.swift; path = AppDelegate.swift; sourceTree = "<group>"; };
		22FD73CF2343BE62009F73B7 /* SceneDelegate.swift */ = {isa = PBXFileReference; lastKnownFileType = sourcecode.swift; path = SceneDelegate.swift; sourceTree = "<group>"; };
		22FD73D12343BE62009F73B7 /* WelcomeViewController.swift */ = {isa = PBXFileReference; lastKnownFileType = sourcecode.swift; path = WelcomeViewController.swift; sourceTree = "<group>"; };
		22FD73D42343BE62009F73B7 /* Base */ = {isa = PBXFileReference; lastKnownFileType = file.storyboard; name = Base; path = Base.lproj/Main.storyboard; sourceTree = "<group>"; };
		22FD73D62343BE64009F73B7 /* Assets.xcassets */ = {isa = PBXFileReference; lastKnownFileType = folder.assetcatalog; path = Assets.xcassets; sourceTree = "<group>"; };
		22FD73D92343BE64009F73B7 /* Base */ = {isa = PBXFileReference; lastKnownFileType = file.storyboard; name = Base; path = Base.lproj/LaunchScreen.storyboard; sourceTree = "<group>"; };
		22FD73DB2343BE64009F73B7 /* Info.plist */ = {isa = PBXFileReference; lastKnownFileType = text.plist.xml; name = Info.plist; path = "LeafLabel/Supporting Files/Info.plist"; sourceTree = SOURCE_ROOT; };
		22FD73E52343BFC4009F73B7 /* GoogleService-Info.plist */ = {isa = PBXFileReference; fileEncoding = 4; lastKnownFileType = text.plist.xml; path = "GoogleService-Info.plist"; sourceTree = "<group>"; };
		22FD73E92343CE91009F73B7 /* RegisterViewController.swift */ = {isa = PBXFileReference; lastKnownFileType = sourcecode.swift; path = RegisterViewController.swift; sourceTree = "<group>"; };
		22FD73EB2343D029009F73B7 /* Default-568h@2x.png */ = {isa = PBXFileReference; lastKnownFileType = image.png; path = "Default-568h@2x.png"; sourceTree = "<group>"; };
		22FD73ED2343E9A1009F73B7 /* MenuViewController.swift */ = {isa = PBXFileReference; lastKnownFileType = sourcecode.swift; path = MenuViewController.swift; sourceTree = "<group>"; };
		22FD73EF2343ECD4009F73B7 /* LoginViewController.swift */ = {isa = PBXFileReference; lastKnownFileType = sourcecode.swift; path = LoginViewController.swift; sourceTree = "<group>"; };
		B80F14F2C14270F4A8F8AAC3 /* Pods_LeafLabel.framework */ = {isa = PBXFileReference; explicitFileType = wrapper.framework; includeInIndex = 0; path = Pods_LeafLabel.framework; sourceTree = BUILT_PRODUCTS_DIR; };
		F0AB32C39903E41D66B5AEF8 /* Pods-LeafLabel.release.xcconfig */ = {isa = PBXFileReference; includeInIndex = 1; lastKnownFileType = text.xcconfig; name = "Pods-LeafLabel.release.xcconfig"; path = "Pods/Target Support Files/Pods-LeafLabel/Pods-LeafLabel.release.xcconfig"; sourceTree = "<group>"; };
/* End PBXFileReference section */

/* Begin PBXFrameworksBuildPhase section */
		22FD73C72343BE62009F73B7 /* Frameworks */ = {
			isa = PBXFrameworksBuildPhase;
			buildActionMask = 2147483647;
			files = (
				FEC376E24BA6D4402F92C0ED /* Pods_LeafLabel.framework in Frameworks */,
			);
			runOnlyForDeploymentPostprocessing = 0;
		};
/* End PBXFrameworksBuildPhase section */

/* Begin PBXGroup section */
		22FD73C12343BE62009F73B7 = {
			isa = PBXGroup;
			children = (
				22FD73EB2343D029009F73B7 /* Default-568h@2x.png */,
				22FD73CC2343BE62009F73B7 /* LeafLabel */,
				22FD73CB2343BE62009F73B7 /* Products */,
				D13E3E221D7646C735392CF4 /* Pods */,
				26B7065488B53032C8ADB86C /* Frameworks */,
			);
			sourceTree = "<group>";
		};
		22FD73CB2343BE62009F73B7 /* Products */ = {
			isa = PBXGroup;
			children = (
				22FD73CA2343BE62009F73B7 /* LeafLabel.app */,
			);
			name = Products;
			sourceTree = "<group>";
		};
		22FD73CC2343BE62009F73B7 /* LeafLabel */ = {
			isa = PBXGroup;
			children = (
				22FD73E32343BED7009F73B7 /* Model */,
				22FD73E12343BE8D009F73B7 /* View */,
				22FD73E22343BEAB009F73B7 /* Controller */,
				22FD73D62343BE64009F73B7 /* Assets.xcassets */,
				22FD73E42343BFB6009F73B7 /* Supporting Files */,
			);
			path = LeafLabel;
			sourceTree = "<group>";
		};
		22FD73E12343BE8D009F73B7 /* View */ = {
			isa = PBXGroup;
			children = (
				22FD73D32343BE62009F73B7 /* Main.storyboard */,
				220DD2D0235667A400ACEC47 /* ProductViewCellTableViewCell.xib */,
				220DD2CF235667A400ACEC47 /* ProductViewCellTableViewCell.swift */,
				224AE4832364B4B9008C3B09 /* DashboardTableViewCell.xib */,
				224AE4822364B4B9008C3B09 /* DashboardTableViewCell.swift */,
				22FD73D82343BE64009F73B7 /* LaunchScreen.storyboard */,
			);
			path = View;
			sourceTree = "<group>";
		};
		22FD73E22343BEAB009F73B7 /* Controller */ = {
			isa = PBXGroup;
			children = (
				22FD73ED2343E9A1009F73B7 /* MenuViewController.swift */,
				220DD2C7235657B400ACEC47 /* DisplayProductsViewController.swift */,
				224AE47A2364A333008C3B09 /* DashboardViewController.swift */,
				22BA3B3123A12859004F4485 /* PrintButtonsViewController.swift */,
				224AE47823647573008C3B09 /* PrintConViewController.swift */,
				22B90399235794C90097983C /* AddProductViewController.swift */,
				22FD73EF2343ECD4009F73B7 /* LoginViewController.swift */,
				22FD73E92343CE91009F73B7 /* RegisterViewController.swift */,
				22FD73D12343BE62009F73B7 /* WelcomeViewController.swift */,
				22FD73CD2343BE62009F73B7 /* AppDelegate.swift */,
				22FD73CF2343BE62009F73B7 /* SceneDelegate.swift */,
			);
			path = Controller;
			sourceTree = "<group>";
		};
		22FD73E32343BED7009F73B7 /* Model */ = {
			isa = PBXGroup;
			children = (
				22B9039723578AD60097983C /* Product.swift */,
				224AE4802364AACF008C3B09 /* DashboardProduct.swift */,
			);
			path = Model;
			sourceTree = "<group>";
		};
		22FD73E42343BFB6009F73B7 /* Supporting Files */ = {
			isa = PBXGroup;
			children = (
				22FD73DB2343BE64009F73B7 /* Info.plist */,
				22FD73E52343BFC4009F73B7 /* GoogleService-Info.plist */,
			);
			path = "Supporting Files";
			sourceTree = "<group>";
		};
		26B7065488B53032C8ADB86C /* Frameworks */ = {
			isa = PBXGroup;
			children = (
				B80F14F2C14270F4A8F8AAC3 /* Pods_LeafLabel.framework */,
			);
			name = Frameworks;
			sourceTree = "<group>";
		};
		D13E3E221D7646C735392CF4 /* Pods */ = {
			isa = PBXGroup;
			children = (
				09D1DFC8D06065ACF5ADAB4C /* Pods-LeafLabel.debug.xcconfig */,
				F0AB32C39903E41D66B5AEF8 /* Pods-LeafLabel.release.xcconfig */,
			);
			name = Pods;
			sourceTree = "<group>";
		};
/* End PBXGroup section */

/* Begin PBXNativeTarget section */
		22FD73C92343BE62009F73B7 /* LeafLabel */ = {
			isa = PBXNativeTarget;
			buildConfigurationList = 22FD73DE2343BE64009F73B7 /* Build configuration list for PBXNativeTarget "LeafLabel" */;
			buildPhases = (
				91C4478C9F09E12B997A37CB /* [CP] Check Pods Manifest.lock */,
				22FD73C62343BE62009F73B7 /* Sources */,
				22FD73C72343BE62009F73B7 /* Frameworks */,
				22FD73C82343BE62009F73B7 /* Resources */,
				C5E77B524B90A553C1654A12 /* [CP] Embed Pods Frameworks */,
			);
			buildRules = (
			);
			dependencies = (
			);
			name = LeafLabel;
			productName = LeafLabel;
			productReference = 22FD73CA2343BE62009F73B7 /* LeafLabel.app */;
			productType = "com.apple.product-type.application";
		};
/* End PBXNativeTarget section */

/* Begin PBXProject section */
		22FD73C22343BE62009F73B7 /* Project object */ = {
			isa = PBXProject;
			attributes = {
				LastSwiftUpdateCheck = 1100;
				LastUpgradeCheck = 1120;
				ORGANIZATIONNAME = "Sam Guyette";
				TargetAttributes = {
					22FD73C92343BE62009F73B7 = {
						CreatedOnToolsVersion = 11.0;
					};
				};
			};
			buildConfigurationList = 22FD73C52343BE62009F73B7 /* Build configuration list for PBXProject "LeafLabel" */;
			compatibilityVersion = "Xcode 9.3";
			developmentRegion = en;
			hasScannedForEncodings = 0;
			knownRegions = (
				en,
				Base,
			);
			mainGroup = 22FD73C12343BE62009F73B7;
			productRefGroup = 22FD73CB2343BE62009F73B7 /* Products */;
			projectDirPath = "";
			projectRoot = "";
			targets = (
				22FD73C92343BE62009F73B7 /* LeafLabel */,
			);
		};
/* End PBXProject section */

/* Begin PBXResourcesBuildPhase section */
		22FD73C82343BE62009F73B7 /* Resources */ = {
			isa = PBXResourcesBuildPhase;
			buildActionMask = 2147483647;
			files = (
				22FD73DA2343BE64009F73B7 /* LaunchScreen.storyboard in Resources */,
				22FD73E62343BFC4009F73B7 /* GoogleService-Info.plist in Resources */,
				220DD2D2235667A400ACEC47 /* ProductViewCellTableViewCell.xib in Resources */,
				22FD73D72343BE64009F73B7 /* Assets.xcassets in Resources */,
				224AE4852364B4B9008C3B09 /* DashboardTableViewCell.xib in Resources */,
				22FD73EC2343D029009F73B7 /* Default-568h@2x.png in Resources */,
				22FD73D52343BE62009F73B7 /* Main.storyboard in Resources */,
			);
			runOnlyForDeploymentPostprocessing = 0;
		};
/* End PBXResourcesBuildPhase section */

/* Begin PBXShellScriptBuildPhase section */
		91C4478C9F09E12B997A37CB /* [CP] Check Pods Manifest.lock */ = {
			isa = PBXShellScriptBuildPhase;
			buildActionMask = 2147483647;
			files = (
			);
			inputFileListPaths = (
			);
			inputPaths = (
				"${PODS_PODFILE_DIR_PATH}/Podfile.lock",
				"${PODS_ROOT}/Manifest.lock",
			);
			name = "[CP] Check Pods Manifest.lock";
			outputFileListPaths = (
			);
			outputPaths = (
				"$(DERIVED_FILE_DIR)/Pods-LeafLabel-checkManifestLockResult.txt",
			);
			runOnlyForDeploymentPostprocessing = 0;
			shellPath = /bin/sh;
			shellScript = "diff \"${PODS_PODFILE_DIR_PATH}/Podfile.lock\" \"${PODS_ROOT}/Manifest.lock\" > /dev/null\nif [ $? != 0 ] ; then\n    # print error to STDERR\n    echo \"error: The sandbox is not in sync with the Podfile.lock. Run 'pod install' or update your CocoaPods installation.\" >&2\n    exit 1\nfi\n# This output is used by Xcode 'outputs' to avoid re-running this script phase.\necho \"SUCCESS\" > \"${SCRIPT_OUTPUT_FILE_0}\"\n";
			showEnvVarsInLog = 0;
		};
		C5E77B524B90A553C1654A12 /* [CP] Embed Pods Frameworks */ = {
			isa = PBXShellScriptBuildPhase;
			buildActionMask = 2147483647;
			files = (
			);
			inputFileListPaths = (
				"${PODS_ROOT}/Target Support Files/Pods-LeafLabel/Pods-LeafLabel-frameworks-${CONFIGURATION}-input-files.xcfilelist",
			);
			name = "[CP] Embed Pods Frameworks";
			outputFileListPaths = (
				"${PODS_ROOT}/Target Support Files/Pods-LeafLabel/Pods-LeafLabel-frameworks-${CONFIGURATION}-output-files.xcfilelist",
			);
			runOnlyForDeploymentPostprocessing = 0;
			shellPath = /bin/sh;
			shellScript = "\"${PODS_ROOT}/Target Support Files/Pods-LeafLabel/Pods-LeafLabel-frameworks.sh\"\n";
			showEnvVarsInLog = 0;
		};
/* End PBXShellScriptBuildPhase section */

/* Begin PBXSourcesBuildPhase section */
		22FD73C62343BE62009F73B7 /* Sources */ = {
			isa = PBXSourcesBuildPhase;
			buildActionMask = 2147483647;
			files = (
				22FD73F02343ECD4009F73B7 /* LoginViewController.swift in Sources */,
				22BA3B3223A12859004F4485 /* PrintButtonsViewController.swift in Sources */,
				22FD73D22343BE62009F73B7 /* WelcomeViewController.swift in Sources */,
				224AE47923647573008C3B09 /* PrintConViewController.swift in Sources */,
				22B9039A235794C90097983C /* AddProductViewController.swift in Sources */,
				22FD73EE2343E9A1009F73B7 /* MenuViewController.swift in Sources */,
				22B9039823578AD60097983C /* Product.swift in Sources */,
				224AE4842364B4B9008C3B09 /* DashboardTableViewCell.swift in Sources */,
				22FD73CE2343BE62009F73B7 /* AppDelegate.swift in Sources */,
				224AE47B2364A333008C3B09 /* DashboardViewController.swift in Sources */,
				224AE4812364AACF008C3B09 /* DashboardProduct.swift in Sources */,
				220DD2D1235667A400ACEC47 /* ProductViewCellTableViewCell.swift in Sources */,
				220DD2C8235657B400ACEC47 /* DisplayProductsViewController.swift in Sources */,
				22FD73D02343BE62009F73B7 /* SceneDelegate.swift in Sources */,
				22FD73EA2343CE91009F73B7 /* RegisterViewController.swift in Sources */,
			);
			runOnlyForDeploymentPostprocessing = 0;
		};
/* End PBXSourcesBuildPhase section */

/* Begin PBXVariantGroup section */
		22FD73D32343BE62009F73B7 /* Main.storyboard */ = {
			isa = PBXVariantGroup;
			children = (
				22FD73D42343BE62009F73B7 /* Base */,
			);
			name = Main.storyboard;
			sourceTree = "<group>";
		};
		22FD73D82343BE64009F73B7 /* LaunchScreen.storyboard */ = {
			isa = PBXVariantGroup;
			children = (
				22FD73D92343BE64009F73B7 /* Base */,
			);
			name = LaunchScreen.storyboard;
			sourceTree = "<group>";
		};
/* End PBXVariantGroup section */

/* Begin XCBuildConfiguration section */
		22FD73DC2343BE64009F73B7 /* Debug */ = {
			isa = XCBuildConfiguration;
			buildSettings = {
				ALWAYS_SEARCH_USER_PATHS = NO;
				CLANG_ANALYZER_NONNULL = YES;
				CLANG_ANALYZER_NUMBER_OBJECT_CONVERSION = YES_AGGRESSIVE;
				CLANG_CXX_LANGUAGE_STANDARD = "gnu++14";
				CLANG_CXX_LIBRARY = "libc++";
				CLANG_ENABLE_MODULES = YES;
				CLANG_ENABLE_OBJC_ARC = YES;
				CLANG_ENABLE_OBJC_WEAK = YES;
				CLANG_WARN_BLOCK_CAPTURE_AUTORELEASING = YES;
				CLANG_WARN_BOOL_CONVERSION = YES;
				CLANG_WARN_COMMA = YES;
				CLANG_WARN_CONSTANT_CONVERSION = YES;
				CLANG_WARN_DEPRECATED_OBJC_IMPLEMENTATIONS = YES;
				CLANG_WARN_DIRECT_OBJC_ISA_USAGE = YES_ERROR;
				CLANG_WARN_DOCUMENTATION_COMMENTS = YES;
				CLANG_WARN_EMPTY_BODY = YES;
				CLANG_WARN_ENUM_CONVERSION = YES;
				CLANG_WARN_INFINITE_RECURSION = YES;
				CLANG_WARN_INT_CONVERSION = YES;
				CLANG_WARN_NON_LITERAL_NULL_CONVERSION = YES;
				CLANG_WARN_OBJC_IMPLICIT_RETAIN_SELF = YES;
				CLANG_WARN_OBJC_LITERAL_CONVERSION = YES;
				CLANG_WARN_OBJC_ROOT_CLASS = YES_ERROR;
				CLANG_WARN_RANGE_LOOP_ANALYSIS = YES;
				CLANG_WARN_STRICT_PROTOTYPES = YES;
				CLANG_WARN_SUSPICIOUS_MOVE = YES;
				CLANG_WARN_UNGUARDED_AVAILABILITY = YES_AGGRESSIVE;
				CLANG_WARN_UNREACHABLE_CODE = YES;
				CLANG_WARN__DUPLICATE_METHOD_MATCH = YES;
				COPY_PHASE_STRIP = NO;
				DEBUG_INFORMATION_FORMAT = dwarf;
				ENABLE_STRICT_OBJC_MSGSEND = YES;
				ENABLE_TESTABILITY = YES;
				GCC_C_LANGUAGE_STANDARD = gnu11;
				GCC_DYNAMIC_NO_PIC = NO;
				GCC_NO_COMMON_BLOCKS = YES;
				GCC_OPTIMIZATION_LEVEL = 0;
				GCC_PREPROCESSOR_DEFINITIONS = (
					"DEBUG=1",
					"$(inherited)",
				);
				GCC_WARN_64_TO_32_BIT_CONVERSION = YES;
				GCC_WARN_ABOUT_RETURN_TYPE = YES_ERROR;
				GCC_WARN_UNDECLARED_SELECTOR = YES;
				GCC_WARN_UNINITIALIZED_AUTOS = YES_AGGRESSIVE;
				GCC_WARN_UNUSED_FUNCTION = YES;
				GCC_WARN_UNUSED_VARIABLE = YES;
				IPHONEOS_DEPLOYMENT_TARGET = 13.0;
				MTL_ENABLE_DEBUG_INFO = INCLUDE_SOURCE;
				MTL_FAST_MATH = YES;
				ONLY_ACTIVE_ARCH = YES;
				SDKROOT = iphoneos;
				SWIFT_ACTIVE_COMPILATION_CONDITIONS = DEBUG;
				SWIFT_OPTIMIZATION_LEVEL = "-Onone";
			};
			name = Debug;
		};
		22FD73DD2343BE64009F73B7 /* Release */ = {
			isa = XCBuildConfiguration;
			buildSettings = {
				ALWAYS_SEARCH_USER_PATHS = NO;
				CLANG_ANALYZER_NONNULL = YES;
				CLANG_ANALYZER_NUMBER_OBJECT_CONVERSION = YES_AGGRESSIVE;
				CLANG_CXX_LANGUAGE_STANDARD = "gnu++14";
				CLANG_CXX_LIBRARY = "libc++";
				CLANG_ENABLE_MODULES = YES;
				CLANG_ENABLE_OBJC_ARC = YES;
				CLANG_ENABLE_OBJC_WEAK = YES;
				CLANG_WARN_BLOCK_CAPTURE_AUTORELEASING = YES;
				CLANG_WARN_BOOL_CONVERSION = YES;
				CLANG_WARN_COMMA = YES;
				CLANG_WARN_CONSTANT_CONVERSION = YES;
				CLANG_WARN_DEPRECATED_OBJC_IMPLEMENTATIONS = YES;
				CLANG_WARN_DIRECT_OBJC_ISA_USAGE = YES_ERROR;
				CLANG_WARN_DOCUMENTATION_COMMENTS = YES;
				CLANG_WARN_EMPTY_BODY = YES;
				CLANG_WARN_ENUM_CONVERSION = YES;
				CLANG_WARN_INFINITE_RECURSION = YES;
				CLANG_WARN_INT_CONVERSION = YES;
				CLANG_WARN_NON_LITERAL_NULL_CONVERSION = YES;
				CLANG_WARN_OBJC_IMPLICIT_RETAIN_SELF = YES;
				CLANG_WARN_OBJC_LITERAL_CONVERSION = YES;
				CLANG_WARN_OBJC_ROOT_CLASS = YES_ERROR;
				CLANG_WARN_RANGE_LOOP_ANALYSIS = YES;
				CLANG_WARN_STRICT_PROTOTYPES = YES;
				CLANG_WARN_SUSPICIOUS_MOVE = YES;
				CLANG_WARN_UNGUARDED_AVAILABILITY = YES_AGGRESSIVE;
				CLANG_WARN_UNREACHABLE_CODE = YES;
				CLANG_WARN__DUPLICATE_METHOD_MATCH = YES;
				COPY_PHASE_STRIP = NO;
				DEBUG_INFORMATION_FORMAT = "dwarf-with-dsym";
				ENABLE_NS_ASSERTIONS = NO;
				ENABLE_STRICT_OBJC_MSGSEND = YES;
				GCC_C_LANGUAGE_STANDARD = gnu11;
				GCC_NO_COMMON_BLOCKS = YES;
				GCC_WARN_64_TO_32_BIT_CONVERSION = YES;
				GCC_WARN_ABOUT_RETURN_TYPE = YES_ERROR;
				GCC_WARN_UNDECLARED_SELECTOR = YES;
				GCC_WARN_UNINITIALIZED_AUTOS = YES_AGGRESSIVE;
				GCC_WARN_UNUSED_FUNCTION = YES;
				GCC_WARN_UNUSED_VARIABLE = YES;
				IPHONEOS_DEPLOYMENT_TARGET = 13.0;
				MTL_ENABLE_DEBUG_INFO = NO;
				MTL_FAST_MATH = YES;
				SDKROOT = iphoneos;
				SWIFT_COMPILATION_MODE = wholemodule;
				SWIFT_OPTIMIZATION_LEVEL = "-O";
				VALIDATE_PRODUCT = YES;
			};
			name = Release;
		};
		22FD73DF2343BE64009F73B7 /* Debug */ = {
			isa = XCBuildConfiguration;
			baseConfigurationReference = 09D1DFC8D06065ACF5ADAB4C /* Pods-LeafLabel.debug.xcconfig */;
			buildSettings = {
				ASSETCATALOG_COMPILER_APPICON_NAME = AppIcon;
				CODE_SIGN_STYLE = Automatic;
				DEVELOPMENT_TEAM = PDCWBJRTMK;
				INFOPLIST_FILE = "LeafLabel/Supporting Files/Info.plist";
				LD_RUNPATH_SEARCH_PATHS = (
					"$(inherited)",
					"@executable_path/Frameworks",
				);
				PRODUCT_BUNDLE_IDENTIFIER = com.gmail.samguyette.LeafLabel;
				PRODUCT_NAME = "$(TARGET_NAME)";
				SWIFT_VERSION = 5.0;
				TARGETED_DEVICE_FAMILY = "1,2";
			};
			name = Debug;
		};
		22FD73E02343BE64009F73B7 /* Release */ = {
			isa = XCBuildConfiguration;
			baseConfigurationReference = F0AB32C39903E41D66B5AEF8 /* Pods-LeafLabel.release.xcconfig */;
			buildSettings = {
				ASSETCATALOG_COMPILER_APPICON_NAME = AppIcon;
				CODE_SIGN_STYLE = Automatic;
				DEVELOPMENT_TEAM = PDCWBJRTMK;
				INFOPLIST_FILE = "LeafLabel/Supporting Files/Info.plist";
				LD_RUNPATH_SEARCH_PATHS = (
					"$(inherited)",
					"@executable_path/Frameworks",
				);
				PRODUCT_BUNDLE_IDENTIFIER = com.gmail.samguyette.LeafLabel;
				PRODUCT_NAME = "$(TARGET_NAME)";
				SWIFT_VERSION = 5.0;
				TARGETED_DEVICE_FAMILY = "1,2";
			};
			name = Release;
		};
/* End XCBuildConfiguration section */

/* Begin XCConfigurationList section */
		22FD73C52343BE62009F73B7 /* Build configuration list for PBXProject "LeafLabel" */ = {
			isa = XCConfigurationList;
			buildConfigurations = (
				22FD73DC2343BE64009F73B7 /* Debug */,
				22FD73DD2343BE64009F73B7 /* Release */,
			);
			defaultConfigurationIsVisible = 0;
			defaultConfigurationName = Release;
		};
		22FD73DE2343BE64009F73B7 /* Build configuration list for PBXNativeTarget "LeafLabel" */ = {
			isa = XCConfigurationList;
			buildConfigurations = (
				22FD73DF2343BE64009F73B7 /* Debug */,
				22FD73E02343BE64009F73B7 /* Release */,
			);
			defaultConfigurationIsVisible = 0;
			defaultConfigurationName = Release;
		};
/* End XCConfigurationList section */
	};
	rootObject = 22FD73C22343BE62009F73B7 /* Project object */;
}
